
Microsoft Visual Studio Solution File, Format Version 12.00
# Visual Studio Version 17
VisualStudioVersion = 17.0.32014.148
MinimumVisualStudioVersion = 10.0.40219.1
Project("{FAE04EC0-301F-11D3-BF4B-00C04F79EFBC}") = "MoodAnalyser", "MoodAnalyser\MoodAnalyser.csproj", "{63CC8AC3-D7BF-4E2B-B972-4EF0913C9135}"
EndProject
Global
	GlobalSection(SolutionConfigurationPlatforms) = preSolution
		Debug|Any CPU = Debug|Any CPU
		Release|Any CPU = Release|Any CPU
	EndGlobalSection
	GlobalSection(ProjectConfigurationPlatforms) = postSolution
		{63CC8AC3-D7BF-4E2B-B972-4EF0913C9135}.Debug|Any CPU.ActiveCfg = Debug|Any CPU
		{63CC8AC3-D7BF-4E2B-B972-4EF0913C9135}.Debug|Any CPU.Build.0 = Debug|Any CPU
		{63CC8AC3-D7BF-4E2B-B972-4EF0913C9135}.Release|Any CPU.ActiveCfg = Release|Any CPU
		{63CC8AC3-D7BF-4E2B-B972-4EF0913C9135}.Release|Any CPU.Build.0 = Release|Any CPU
	EndGlobalSection
	GlobalSection(SolutionProperties) = preSolution
		HideSolutionNode = FALSE
	EndGlobalSection
	GlobalSection(ExtensibilityGlobals) = postSolution
		SolutionGuid = {52C3EA71-A3E9-42F4-94BA-9854CB2A8AF1}
	EndGlobalSection
EndGlobal
